
Microsoft Visual Studio Solution File, Format Version 12.00
# Visual Studio 14
VisualStudioVersion = 14.0.23107.0
MinimumVisualStudioVersion = 10.0.40219.1
Project("{FAE04EC0-301F-11D3-BF4B-00C04F79EFBC}") = "NumberScraperLib", "number-scraper-lib\NumberScraperLib.csproj", "{11838096-C3B7-4D02-8833-E65E11B68184}"
EndProject
Project("{FAE04EC0-301F-11D3-BF4B-00C04F79EFBC}") = "NumberScrapperUI", "NumberScrapperUI\NumberScrapperUI.csproj", "{10E427A8-A30D-46DB-B11C-2683E237864D}"
EndProject
Global
	GlobalSection(SolutionConfigurationPlatforms) = preSolution
		Debug|Any CPU = Debug|Any CPU
		Release|Any CPU = Release|Any CPU
	EndGlobalSection
	GlobalSection(ProjectConfigurationPlatforms) = postSolution
		{11838096-C3B7-4D02-8833-E65E11B68184}.Debug|Any CPU.ActiveCfg = Debug|Any CPU
		{11838096-C3B7-4D02-8833-E65E11B68184}.Debug|Any CPU.Build.0 = Debug|Any CPU
		{11838096-C3B7-4D02-8833-E65E11B68184}.Release|Any CPU.ActiveCfg = Release|Any CPU
		{11838096-C3B7-4D02-8833-E65E11B68184}.Release|Any CPU.Build.0 = Release|Any CPU
		{10E427A8-A30D-46DB-B11C-2683E237864D}.Debug|Any CPU.ActiveCfg = Debug|Any CPU
		{10E427A8-A30D-46DB-B11C-2683E237864D}.Debug|Any CPU.Build.0 = Debug|Any CPU
		{10E427A8-A30D-46DB-B11C-2683E237864D}.Release|Any CPU.ActiveCfg = Release|Any CPU
		{10E427A8-A30D-46DB-B11C-2683E237864D}.Release|Any CPU.Build.0 = Release|Any CPU
	EndGlobalSection
	GlobalSection(SolutionProperties) = preSolution
		HideSolutionNode = FALSE
	EndGlobalSection
EndGlobal
